
Microsoft Visual Studio Solution File, Format Version 12.00
# Visual Studio 2013
VisualStudioVersion = 12.0.31101.0
MinimumVisualStudioVersion = 10.0.40219.1
Project("{FAE04EC0-301F-11D3-BF4B-00C04F79EFBC}") = "Robotnik.App", "Robotnik.App\Robotnik.App.csproj", "{4C1A8D14-94DE-43FC-8E2C-91DE355C91D9}"
EndProject
Project("{E24C65DC-7377-472B-9ABA-BC803B73C61A}") = "Robotnik.Web", "http://localhost:49216", "{6C285270-9EE1-4232-8F65-26FA672715E6}"
	ProjectSection(WebsiteProperties) = preProject
		UseIISExpress = "true"
		TargetFrameworkMoniker = ".NETFramework,Version%3Dv4.5"
		Debug.AspNetCompiler.VirtualPath = "/localhost_49216"
		Debug.AspNetCompiler.PhysicalPath = "Robotnik.Web\"
		Debug.AspNetCompiler.TargetPath = "PrecompiledWeb\localhost_49216\"
		Debug.AspNetCompiler.Updateable = "true"
		Debug.AspNetCompiler.ForceOverwrite = "true"
		Debug.AspNetCompiler.FixedNames = "false"
		Debug.AspNetCompiler.Debug = "True"
		Release.AspNetCompiler.VirtualPath = "/localhost_49216"
		Release.AspNetCompiler.PhysicalPath = "Robotnik.Web\"
		Release.AspNetCompiler.TargetPath = "PrecompiledWeb\localhost_49216\"
		Release.AspNetCompiler.Updateable = "true"
		Release.AspNetCompiler.ForceOverwrite = "true"
		Release.AspNetCompiler.FixedNames = "false"
		Release.AspNetCompiler.Debug = "False"
		SlnRelativePath = "Robotnik.Web\"
	EndProjectSection
EndProject
Global
	GlobalSection(SolutionConfigurationPlatforms) = preSolution
		Debug|Any CPU = Debug|Any CPU
		Release|Any CPU = Release|Any CPU
	EndGlobalSection
	GlobalSection(ProjectConfigurationPlatforms) = postSolution
		{4C1A8D14-94DE-43FC-8E2C-91DE355C91D9}.Debug|Any CPU.ActiveCfg = Debug|Any CPU
		{4C1A8D14-94DE-43FC-8E2C-91DE355C91D9}.Debug|Any CPU.Build.0 = Debug|Any CPU
		{4C1A8D14-94DE-43FC-8E2C-91DE355C91D9}.Release|Any CPU.ActiveCfg = Release|Any CPU
		{4C1A8D14-94DE-43FC-8E2C-91DE355C91D9}.Release|Any CPU.Build.0 = Release|Any CPU
		{6C285270-9EE1-4232-8F65-26FA672715E6}.Debug|Any CPU.ActiveCfg = Debug|Any CPU
		{6C285270-9EE1-4232-8F65-26FA672715E6}.Debug|Any CPU.Build.0 = Debug|Any CPU
		{6C285270-9EE1-4232-8F65-26FA672715E6}.Release|Any CPU.ActiveCfg = Debug|Any CPU
		{6C285270-9EE1-4232-8F65-26FA672715E6}.Release|Any CPU.Build.0 = Debug|Any CPU
	EndGlobalSection
	GlobalSection(SolutionProperties) = preSolution
		HideSolutionNode = FALSE
	EndGlobalSection
EndGlobal
